
Microsoft Visual Studio Solution File, Format Version 12.00
# Visual Studio Version 17
VisualStudioVersion = 17.14.36811.4 d17.14
MinimumVisualStudioVersion = 10.0.40219.1
Project("{FAE04EC0-301F-11D3-BF4B-00C04F79EFBC}") = "NasaWallpaperApp", "NasaWallpaperApp\NasaWallpaperApp.csproj", "{336BA6ED-870E-4EB0-AF38-9015C8FEA002}"
EndProject
Global
	GlobalSection(SolutionConfigurationPlatforms) = preSolution
		Debug|Any CPU = Debug|Any CPU
		Release|Any CPU = Release|Any CPU
	EndGlobalSection
	GlobalSection(ProjectConfigurationPlatforms) = postSolution
		{336BA6ED-870E-4EB0-AF38-9015C8FEA002}.Debug|Any CPU.ActiveCfg = Debug|Any CPU
		{336BA6ED-870E-4EB0-AF38-9015C8FEA002}.Debug|Any CPU.Build.0 = Debug|Any CPU
		{336BA6ED-870E-4EB0-AF38-9015C8FEA002}.Release|Any CPU.ActiveCfg = Release|Any CPU
		{336BA6ED-870E-4EB0-AF38-9015C8FEA002}.Release|Any CPU.Build.0 = Release|Any CPU
	EndGlobalSection
	GlobalSection(SolutionProperties) = preSolution
		HideSolutionNode = FALSE
	EndGlobalSection
	GlobalSection(ExtensibilityGlobals) = postSolution
		SolutionGuid = {2948644E-B3E8-4559-A104-4F9BECF7E303}
	EndGlobalSection
EndGlobal
